
Microsoft Visual Studio Solution File, Format Version 12.00
# Visual Studio Version 17
VisualStudioVersion = 17.2.32616.157
MinimumVisualStudioVersion = 10.0.40219.1
Project("{FAE04EC0-301F-11D3-BF4B-00C04F79EFBC}") = "LoanApp.Tests", "LoanApp.Tests\LoanApp.Tests.csproj", "{B3084786-21C4-498E-93CF-84342A029FDF}"
EndProject
Global
	GlobalSection(SolutionConfigurationPlatforms) = preSolution
		Debug|Any CPU = Debug|Any CPU
		Release|Any CPU = Release|Any CPU
	EndGlobalSection
	GlobalSection(ProjectConfigurationPlatforms) = postSolution
		{B3084786-21C4-498E-93CF-84342A029FDF}.Debug|Any CPU.ActiveCfg = Debug|Any CPU
		{B3084786-21C4-498E-93CF-84342A029FDF}.Debug|Any CPU.Build.0 = Debug|Any CPU
		{B3084786-21C4-498E-93CF-84342A029FDF}.Release|Any CPU.ActiveCfg = Release|Any CPU
		{B3084786-21C4-498E-93CF-84342A029FDF}.Release|Any CPU.Build.0 = Release|Any CPU
	EndGlobalSection
	GlobalSection(SolutionProperties) = preSolution
		HideSolutionNode = FALSE
	EndGlobalSection
	GlobalSection(ExtensibilityGlobals) = postSolution
		SolutionGuid = {3AD1CD3C-618A-45C7-AA73-C7F8F139B886}
	EndGlobalSection
EndGlobal
